
Microsoft Visual Studio Solution File, Format Version 12.00
# Visual Studio 15
VisualStudioVersion = 15.0.27703.2000
MinimumVisualStudioVersion = 10.0.40219.1
Project("{FAE04EC0-301F-11D3-BF4B-00C04F79EFBC}") = "ElevenBank", "ElevenBank\ElevenBank.csproj", "{E08FE76F-EC43-4FC7-BC6C-5544E2487F66}"
EndProject
Global
	GlobalSection(SolutionConfigurationPlatforms) = preSolution
		Debug|Any CPU = Debug|Any CPU
		Release|Any CPU = Release|Any CPU
	EndGlobalSection
	GlobalSection(ProjectConfigurationPlatforms) = postSolution
		{E08FE76F-EC43-4FC7-BC6C-5544E2487F66}.Debug|Any CPU.ActiveCfg = Debug|Any CPU
		{E08FE76F-EC43-4FC7-BC6C-5544E2487F66}.Debug|Any CPU.Build.0 = Debug|Any CPU
		{E08FE76F-EC43-4FC7-BC6C-5544E2487F66}.Release|Any CPU.ActiveCfg = Release|Any CPU
		{E08FE76F-EC43-4FC7-BC6C-5544E2487F66}.Release|Any CPU.Build.0 = Release|Any CPU
	EndGlobalSection
	GlobalSection(SolutionProperties) = preSolution
		HideSolutionNode = FALSE
	EndGlobalSection
	GlobalSection(ExtensibilityGlobals) = postSolution
		SolutionGuid = {4FB75AC7-A154-4518-9B7E-8894EB91942C}
	EndGlobalSection
EndGlobal
